// !$*UTF8*$!
{
	archiveVersion = 1;
	classes = {
	};
	objectVersion = 77;
	objects = {

/* Begin PBXBuildFile section */
		FD1EDAE82CEFCEE5000AB465 /* BundleAppSourceProvider in Frameworks */ = {isa = PBXBuildFile; productRef = FD1EDAE72CEFCEE5000AB465 /* BundleAppSourceProvider */; };
		FD1EDAEA2CEFCEE5000AB465 /* DocCViewer in Frameworks */ = {isa = PBXBuildFile; productRef = FD1EDAE92CEFCEE5000AB465 /* DocCViewer */; };
		FD1EDAEC2CEFCEE5000AB465 /* DocumentationKit in Frameworks */ = {isa = PBXBuildFile; productRef = FD1EDAEB2CEFCEE5000AB465 /* DocumentationKit */; };
/* End PBXBuildFile section */

/* Begin PBXContainerItemProxy section */
		FDED1D272CED3D85002F878D /* PBXContainerItemProxy */ = {
			isa = PBXContainerItemProxy;
			containerPortal = FDED1D0D2CED3D83002F878D /* Project object */;
			proxyType = 1;
			remoteGlobalIDString = FDED1D142CED3D83002F878D;
			remoteInfo = Docsy;
		};
		FDED1D312CED3D85002F878D /* PBXContainerItemProxy */ = {
			isa = PBXContainerItemProxy;
			containerPortal = FDED1D0D2CED3D83002F878D /* Project object */;
			proxyType = 1;
			remoteGlobalIDString = FDED1D142CED3D83002F878D;
			remoteInfo = Docsy;
		};
/* End PBXContainerItemProxy section */

/* Begin PBXFileReference section */
		FD1EDAE52CEFCEE0000AB465 /* EventKit.framework */ = {isa = PBXFileReference; lastKnownFileType = wrapper.framework; name = EventKit.framework; path = Platforms/iPhoneOS.platform/Developer/SDKs/iPhoneOS18.1.sdk/System/Library/Frameworks/EventKit.framework; sourceTree = DEVELOPER_DIR; };
		FDED1D152CED3D83002F878D /* Docsy.app */ = {isa = PBXFileReference; explicitFileType = wrapper.application; includeInIndex = 0; path = Docsy.app; sourceTree = BUILT_PRODUCTS_DIR; };
		FDED1D262CED3D85002F878D /* DocsyTests.xctest */ = {isa = PBXFileReference; explicitFileType = wrapper.cfbundle; includeInIndex = 0; path = DocsyTests.xctest; sourceTree = BUILT_PRODUCTS_DIR; };
		FDED1D302CED3D85002F878D /* DocsyUITests.xctest */ = {isa = PBXFileReference; explicitFileType = wrapper.cfbundle; includeInIndex = 0; path = DocsyUITests.xctest; sourceTree = BUILT_PRODUCTS_DIR; };
		FDED1DDE2CEDC9C5002F878D /* Docsy.xctestplan */ = {isa = PBXFileReference; lastKnownFileType = text; path = Docsy.xctestplan; sourceTree = "<group>"; };
/* End PBXFileReference section */

/* Begin PBXFileSystemSynchronizedRootGroup section */
		FDED1D172CED3D83002F878D /* Docsy */ = {
			isa = PBXFileSystemSynchronizedRootGroup;
			path = Docsy;
			sourceTree = "<group>";
		};
		FDED1D292CED3D85002F878D /* DocsyTests */ = {
			isa = PBXFileSystemSynchronizedRootGroup;
			path = DocsyTests;
			sourceTree = "<group>";
		};
		FDED1D332CED3D85002F878D /* DocsyUITests */ = {
			isa = PBXFileSystemSynchronizedRootGroup;
			path = DocsyUITests;
			sourceTree = "<group>";
		};
/* End PBXFileSystemSynchronizedRootGroup section */

/* Begin PBXFrameworksBuildPhase section */
		FDED1D122CED3D83002F878D /* Frameworks */ = {
			isa = PBXFrameworksBuildPhase;
			buildActionMask = 2147483647;
			files = (
				FD1EDAE82CEFCEE5000AB465 /* BundleAppSourceProvider in Frameworks */,
				FD1EDAEA2CEFCEE5000AB465 /* DocCViewer in Frameworks */,
				FD1EDAEC2CEFCEE5000AB465 /* DocumentationKit in Frameworks */,
			);
			runOnlyForDeploymentPostprocessing = 0;
		};
		FDED1D232CED3D85002F878D /* Frameworks */ = {
			isa = PBXFrameworksBuildPhase;
			buildActionMask = 2147483647;
			files = (
			);
			runOnlyForDeploymentPostprocessing = 0;
		};
		FDED1D2D2CED3D85002F878D /* Frameworks */ = {
			isa = PBXFrameworksBuildPhase;
			buildActionMask = 2147483647;
			files = (
			);
			runOnlyForDeploymentPostprocessing = 0;
		};
/* End PBXFrameworksBuildPhase section */

/* Begin PBXGroup section */
		FDED1D0C2CED3D83002F878D = {
			isa = PBXGroup;
			children = (
				FDED1DDE2CEDC9C5002F878D /* Docsy.xctestplan */,
				FDED1D172CED3D83002F878D /* Docsy */,
				FDED1D292CED3D85002F878D /* DocsyTests */,
				FDED1D332CED3D85002F878D /* DocsyUITests */,
				FDF890792CEFC8A600243F69 /* Frameworks */,
				FDED1D162CED3D83002F878D /* Products */,
			);
			sourceTree = "<group>";
		};
		FDED1D162CED3D83002F878D /* Products */ = {
			isa = PBXGroup;
			children = (
				FDED1D152CED3D83002F878D /* Docsy.app */,
				FDED1D262CED3D85002F878D /* DocsyTests.xctest */,
				FDED1D302CED3D85002F878D /* DocsyUITests.xctest */,
			);
			name = Products;
			sourceTree = "<group>";
		};
		FDF890792CEFC8A600243F69 /* Frameworks */ = {
			isa = PBXGroup;
			children = (
				FD1EDAE52CEFCEE0000AB465 /* EventKit.framework */,
			);
			name = Frameworks;
			sourceTree = "<group>";
		};
/* End PBXGroup section */

/* Begin PBXNativeTarget section */
		FDED1D142CED3D83002F878D /* Docsy */ = {
			isa = PBXNativeTarget;
			buildConfigurationList = FDED1D3A2CED3D85002F878D /* Build configuration list for PBXNativeTarget "Docsy" */;
			buildPhases = (
				FDED1D112CED3D83002F878D /* Sources */,
				FDED1D122CED3D83002F878D /* Frameworks */,
				FDED1D132CED3D83002F878D /* Resources */,
			);
			buildRules = (
			);
			dependencies = (
			);
			fileSystemSynchronizedGroups = (
				FDED1D172CED3D83002F878D /* Docsy */,
			);
			name = Docsy;
			packageProductDependencies = (
				FD1EDAE72CEFCEE5000AB465 /* BundleAppSourceProvider */,
				FD1EDAE92CEFCEE5000AB465 /* DocCViewer */,
				FD1EDAEB2CEFCEE5000AB465 /* DocumentationKit */,
			);
			productName = Docsy;
			productReference = FDED1D152CED3D83002F878D /* Docsy.app */;
			productType = "com.apple.product-type.application";
		};
		FDED1D252CED3D85002F878D /* DocsyTests */ = {
			isa = PBXNativeTarget;
			buildConfigurationList = FDED1D3D2CED3D85002F878D /* Build configuration list for PBXNativeTarget "DocsyTests" */;
			buildPhases = (
				FDED1D222CED3D85002F878D /* Sources */,
				FDED1D232CED3D85002F878D /* Frameworks */,
				FDED1D242CED3D85002F878D /* Resources */,
			);
			buildRules = (
			);
			dependencies = (
				FDED1D282CED3D85002F878D /* PBXTargetDependency */,
			);
			fileSystemSynchronizedGroups = (
				FDED1D292CED3D85002F878D /* DocsyTests */,
			);
			name = DocsyTests;
			packageProductDependencies = (
			);
			productName = DocsyTests;
			productReference = FDED1D262CED3D85002F878D /* DocsyTests.xctest */;
			productType = "com.apple.product-type.bundle.unit-test";
		};
		FDED1D2F2CED3D85002F878D /* DocsyUITests */ = {
			isa = PBXNativeTarget;
			buildConfigurationList = FDED1D402CED3D85002F878D /* Build configuration list for PBXNativeTarget "DocsyUITests" */;
			buildPhases = (
				FDED1D2C2CED3D85002F878D /* Sources */,
				FDED1D2D2CED3D85002F878D /* Frameworks */,
				FDED1D2E2CED3D85002F878D /* Resources */,
			);
			buildRules = (
			);
			dependencies = (
				FDED1D322CED3D85002F878D /* PBXTargetDependency */,
			);
			fileSystemSynchronizedGroups = (
				FDED1D332CED3D85002F878D /* DocsyUITests */,
			);
			name = DocsyUITests;
			packageProductDependencies = (
			);
			productName = DocsyUITests;
			productReference = FDED1D302CED3D85002F878D /* DocsyUITests.xctest */;
			productType = "com.apple.product-type.bundle.ui-testing";
		};
/* End PBXNativeTarget section */

/* Begin PBXProject section */
		FDED1D0D2CED3D83002F878D /* Project object */ = {
			isa = PBXProject;
			attributes = {
				BuildIndependentTargetsInParallel = 1;
				LastSwiftUpdateCheck = 1610;
				LastUpgradeCheck = 1610;
				TargetAttributes = {
					FDED1D142CED3D83002F878D = {
						CreatedOnToolsVersion = 16.1;
					};
					FDED1D252CED3D85002F878D = {
						CreatedOnToolsVersion = 16.1;
						TestTargetID = FDED1D142CED3D83002F878D;
					};
					FDED1D2F2CED3D85002F878D = {
						CreatedOnToolsVersion = 16.1;
						TestTargetID = FDED1D142CED3D83002F878D;
					};
				};
			};
			buildConfigurationList = FDED1D102CED3D83002F878D /* Build configuration list for PBXProject "Docsy" */;
			developmentRegion = en;
			hasScannedForEncodings = 0;
			knownRegions = (
				en,
				Base,
			);
			mainGroup = FDED1D0C2CED3D83002F878D;
			minimizedProjectReferenceProxies = 1;
			packageReferences = (
			);
			preferredProjectObjectVersion = 77;
			productRefGroup = FDED1D162CED3D83002F878D /* Products */;
			projectDirPath = "";
			projectRoot = "";
			targets = (
				FDED1D142CED3D83002F878D /* Docsy */,
				FDED1D252CED3D85002F878D /* DocsyTests */,
				FDED1D2F2CED3D85002F878D /* DocsyUITests */,
			);
		};
/* End PBXProject section */

/* Begin PBXResourcesBuildPhase section */
		FDED1D132CED3D83002F878D /* Resources */ = {
			isa = PBXResourcesBuildPhase;
			buildActionMask = 2147483647;
			files = (
			);
			runOnlyForDeploymentPostprocessing = 0;
		};
		FDED1D242CED3D85002F878D /* Resources */ = {
			isa = PBXResourcesBuildPhase;
			buildActionMask = 2147483647;
			files = (
			);
			runOnlyForDeploymentPostprocessing = 0;
		};
		FDED1D2E2CED3D85002F878D /* Resources */ = {
			isa = PBXResourcesBuildPhase;
			buildActionMask = 2147483647;
			files = (
			);
			runOnlyForDeploymentPostprocessing = 0;
		};
/* End PBXResourcesBuildPhase section */

/* Begin PBXSourcesBuildPhase section */
		FDED1D112CED3D83002F878D /* Sources */ = {
			isa = PBXSourcesBuildPhase;
			buildActionMask = 2147483647;
			files = (
			);
			runOnlyForDeploymentPostprocessing = 0;
		};
		FDED1D222CED3D85002F878D /* Sources */ = {
			isa = PBXSourcesBuildPhase;
			buildActionMask = 2147483647;
			files = (
			);
			runOnlyForDeploymentPostprocessing = 0;
		};
		FDED1D2C2CED3D85002F878D /* Sources */ = {
			isa = PBXSourcesBuildPhase;
			buildActionMask = 2147483647;
			files = (
			);
			runOnlyForDeploymentPostprocessing = 0;
		};
/* End PBXSourcesBuildPhase section */

/* Begin PBXTargetDependency section */
		FDED1D282CED3D85002F878D /* PBXTargetDependency */ = {
			isa = PBXTargetDependency;
			target = FDED1D142CED3D83002F878D /* Docsy */;
			targetProxy = FDED1D272CED3D85002F878D /* PBXContainerItemProxy */;
		};
		FDED1D322CED3D85002F878D /* PBXTargetDependency */ = {
			isa = PBXTargetDependency;
			target = FDED1D142CED3D83002F878D /* Docsy */;
			targetProxy = FDED1D312CED3D85002F878D /* PBXContainerItemProxy */;
		};
/* End PBXTargetDependency section */

/* Begin XCBuildConfiguration section */
		FDED1D382CED3D85002F878D /* Debug */ = {
			isa = XCBuildConfiguration;
			buildSettings = {
				ALWAYS_SEARCH_USER_PATHS = NO;
				ASSETCATALOG_COMPILER_GENERATE_SWIFT_ASSET_SYMBOL_EXTENSIONS = YES;
				CLANG_ANALYZER_NONNULL = YES;
				CLANG_ANALYZER_NUMBER_OBJECT_CONVERSION = YES_AGGRESSIVE;
				CLANG_CXX_LANGUAGE_STANDARD = "gnu++20";
				CLANG_ENABLE_MODULES = YES;
				CLANG_ENABLE_OBJC_ARC = YES;
				CLANG_ENABLE_OBJC_WEAK = YES;
				CLANG_WARN_BLOCK_CAPTURE_AUTORELEASING = YES;
				CLANG_WARN_BOOL_CONVERSION = YES;
				CLANG_WARN_COMMA = YES;
				CLANG_WARN_CONSTANT_CONVERSION = YES;
				CLANG_WARN_DEPRECATED_OBJC_IMPLEMENTATIONS = YES;
				CLANG_WARN_DIRECT_OBJC_ISA_USAGE = YES_ERROR;
				CLANG_WARN_DOCUMENTATION_COMMENTS = YES;
				CLANG_WARN_EMPTY_BODY = YES;
				CLANG_WARN_ENUM_CONVERSION = YES;
				CLANG_WARN_INFINITE_RECURSION = YES;
				CLANG_WARN_INT_CONVERSION = YES;
				CLANG_WARN_NON_LITERAL_NULL_CONVERSION = YES;
				CLANG_WARN_OBJC_IMPLICIT_RETAIN_SELF = YES;
				CLANG_WARN_OBJC_LITERAL_CONVERSION = YES;
				CLANG_WARN_OBJC_ROOT_CLASS = YES_ERROR;
				CLANG_WARN_QUOTED_INCLUDE_IN_FRAMEWORK_HEADER = YES;
				CLANG_WARN_RANGE_LOOP_ANALYSIS = YES;
				CLANG_WARN_STRICT_PROTOTYPES = YES;
				CLANG_WARN_SUSPICIOUS_MOVE = YES;
				CLANG_WARN_UNGUARDED_AVAILABILITY = YES_AGGRESSIVE;
				CLANG_WARN_UNREACHABLE_CODE = YES;
				CLANG_WARN__DUPLICATE_METHOD_MATCH = YES;
				COPY_PHASE_STRIP = NO;
				DEBUG_INFORMATION_FORMAT = dwarf;
				ENABLE_STRICT_OBJC_MSGSEND = YES;
				ENABLE_TESTABILITY = YES;
				ENABLE_USER_SCRIPT_SANDBOXING = YES;
				GCC_C_LANGUAGE_STANDARD = gnu17;
				GCC_DYNAMIC_NO_PIC = NO;
				GCC_NO_COMMON_BLOCKS = YES;
				GCC_OPTIMIZATION_LEVEL = 0;
				GCC_PREPROCESSOR_DEFINITIONS = (
					"DEBUG=1",
					"$(inherited)",
				);
				GCC_WARN_64_TO_32_BIT_CONVERSION = YES;
				GCC_WARN_ABOUT_RETURN_TYPE = YES_ERROR;
				GCC_WARN_UNDECLARED_SELECTOR = YES;
				GCC_WARN_UNINITIALIZED_AUTOS = YES_AGGRESSIVE;
				GCC_WARN_UNUSED_FUNCTION = YES;
				GCC_WARN_UNUSED_VARIABLE = YES;
				LOCALIZATION_PREFERS_STRING_CATALOGS = YES;
				MTL_ENABLE_DEBUG_INFO = INCLUDE_SOURCE;
				MTL_FAST_MATH = YES;
				ONLY_ACTIVE_ARCH = YES;
				SWIFT_ACTIVE_COMPILATION_CONDITIONS = "DEBUG $(inherited)";
				SWIFT_OPTIMIZATION_LEVEL = "-Onone";
			};
			name = Debug;
		};
		FDED1D392CED3D85002F878D /* Release */ = {
			isa = XCBuildConfiguration;
			buildSettings = {
				ALWAYS_SEARCH_USER_PATHS = NO;
				ASSETCATALOG_COMPILER_GENERATE_SWIFT_ASSET_SYMBOL_EXTENSIONS = YES;
				CLANG_ANALYZER_NONNULL = YES;
				CLANG_ANALYZER_NUMBER_OBJECT_CONVERSION = YES_AGGRESSIVE;
				CLANG_CXX_LANGUAGE_STANDARD = "gnu++20";
				CLANG_ENABLE_MODULES = YES;
				CLANG_ENABLE_OBJC_ARC = YES;
				CLANG_ENABLE_OBJC_WEAK = YES;
				CLANG_WARN_BLOCK_CAPTURE_AUTORELEASING = YES;
				CLANG_WARN_BOOL_CONVERSION = YES;
				CLANG_WARN_COMMA = YES;
				CLANG_WARN_CONSTANT_CONVERSION = YES;
				CLANG_WARN_DEPRECATED_OBJC_IMPLEMENTATIONS = YES;
				CLANG_WARN_DIRECT_OBJC_ISA_USAGE = YES_ERROR;
				CLANG_WARN_DOCUMENTATION_COMMENTS = YES;
				CLANG_WARN_EMPTY_BODY = YES;
				CLANG_WARN_ENUM_CONVERSION = YES;
				CLANG_WARN_INFINITE_RECURSION = YES;
				CLANG_WARN_INT_CONVERSION = YES;
				CLANG_WARN_NON_LITERAL_NULL_CONVERSION = YES;
				CLANG_WARN_OBJC_IMPLICIT_RETAIN_SELF = YES;
				CLANG_WARN_OBJC_LITERAL_CONVERSION = YES;
				CLANG_WARN_OBJC_ROOT_CLASS = YES_ERROR;
				CLANG_WARN_QUOTED_INCLUDE_IN_FRAMEWORK_HEADER = YES;
				CLANG_WARN_RANGE_LOOP_ANALYSIS = YES;
				CLANG_WARN_STRICT_PROTOTYPES = YES;
				CLANG_WARN_SUSPICIOUS_MOVE = YES;
				CLANG_WARN_UNGUARDED_AVAILABILITY = YES_AGGRESSIVE;
				CLANG_WARN_UNREACHABLE_CODE = YES;
				CLANG_WARN__DUPLICATE_METHOD_MATCH = YES;
				COPY_PHASE_STRIP = NO;
				DEBUG_INFORMATION_FORMAT = "dwarf-with-dsym";
				ENABLE_NS_ASSERTIONS = NO;
				ENABLE_STRICT_OBJC_MSGSEND = YES;
				ENABLE_USER_SCRIPT_SANDBOXING = YES;
				GCC_C_LANGUAGE_STANDARD = gnu17;
				GCC_NO_COMMON_BLOCKS = YES;
				GCC_WARN_64_TO_32_BIT_CONVERSION = YES;
				GCC_WARN_ABOUT_RETURN_TYPE = YES_ERROR;
				GCC_WARN_UNDECLARED_SELECTOR = YES;
				GCC_WARN_UNINITIALIZED_AUTOS = YES_AGGRESSIVE;
				GCC_WARN_UNUSED_FUNCTION = YES;
				GCC_WARN_UNUSED_VARIABLE = YES;
				LOCALIZATION_PREFERS_STRING_CATALOGS = YES;
				MTL_ENABLE_DEBUG_INFO = NO;
				MTL_FAST_MATH = YES;
				SWIFT_COMPILATION_MODE = wholemodule;
			};
			name = Release;
		};
		FDED1D3B2CED3D85002F878D /* Debug */ = {
			isa = XCBuildConfiguration;
			buildSettings = {
				ASSETCATALOG_COMPILER_APPICON_NAME = AppIcon;
				ASSETCATALOG_COMPILER_GLOBAL_ACCENT_COLOR_NAME = AccentColor;
				CODE_SIGN_ENTITLEMENTS = Docsy/Docsy.entitlements;
				CODE_SIGN_STYLE = Automatic;
				CURRENT_PROJECT_VERSION = 1;
				DEVELOPMENT_ASSET_PATHS = "\"Docsy/Preview Content\"";
				DEVELOPMENT_TEAM = ME2UKFKL5H;
				ENABLE_HARDENED_RUNTIME = YES;
				ENABLE_PREVIEWS = YES;
				GENERATE_INFOPLIST_FILE = YES;
				"INFOPLIST_KEY_UIApplicationSceneManifest_Generation[sdk=iphoneos*]" = YES;
				"INFOPLIST_KEY_UIApplicationSceneManifest_Generation[sdk=iphonesimulator*]" = YES;
				"INFOPLIST_KEY_UIApplicationSupportsIndirectInputEvents[sdk=iphoneos*]" = YES;
				"INFOPLIST_KEY_UIApplicationSupportsIndirectInputEvents[sdk=iphonesimulator*]" = YES;
				"INFOPLIST_KEY_UILaunchScreen_Generation[sdk=iphoneos*]" = YES;
				"INFOPLIST_KEY_UILaunchScreen_Generation[sdk=iphonesimulator*]" = YES;
				"INFOPLIST_KEY_UIStatusBarStyle[sdk=iphoneos*]" = UIStatusBarStyleDefault;
				"INFOPLIST_KEY_UIStatusBarStyle[sdk=iphonesimulator*]" = UIStatusBarStyleDefault;
				INFOPLIST_KEY_UISupportedInterfaceOrientations_iPad = "UIInterfaceOrientationPortrait UIInterfaceOrientationPortraitUpsideDown UIInterfaceOrientationLandscapeLeft UIInterfaceOrientationLandscapeRight";
				INFOPLIST_KEY_UISupportedInterfaceOrientations_iPhone = "UIInterfaceOrientationPortrait UIInterfaceOrientationLandscapeLeft UIInterfaceOrientationLandscapeRight";
				IPHONEOS_DEPLOYMENT_TARGET = 18.1;
				LD_RUNPATH_SEARCH_PATHS = "@executable_path/Frameworks";
				"LD_RUNPATH_SEARCH_PATHS[sdk=macosx*]" = "@executable_path/../Frameworks";
				MACOSX_DEPLOYMENT_TARGET = 15.1;
				MARKETING_VERSION = 1.0;
				PRODUCT_BUNDLE_IDENTIFIER = com.noahkamara.Docsy;
				PRODUCT_NAME = "$(TARGET_NAME)";
				SDKROOT = auto;
				SUPPORTED_PLATFORMS = "iphoneos iphonesimulator macosx xros xrsimulator";
				SWIFT_EMIT_LOC_STRINGS = YES;
				SWIFT_VERSION = 5.0;
				TARGETED_DEVICE_FAMILY = "1,2,7";
				XROS_DEPLOYMENT_TARGET = 2.1;
			};
			name = Debug;
		};
		FDED1D3C2CED3D85002F878D /* Release */ = {
			isa = XCBuildConfiguration;
			buildSettings = {
				ASSETCATALOG_COMPILER_APPICON_NAME = AppIcon;
				ASSETCATALOG_COMPILER_GLOBAL_ACCENT_COLOR_NAME = AccentColor;
				CODE_SIGN_ENTITLEMENTS = Docsy/Docsy.entitlements;
				CODE_SIGN_STYLE = Automatic;
				CURRENT_PROJECT_VERSION = 1;
				DEVELOPMENT_ASSET_PATHS = "\"Docsy/Preview Content\"";
				DEVELOPMENT_TEAM = ME2UKFKL5H;
				ENABLE_HARDENED_RUNTIME = YES;
				ENABLE_PREVIEWS = YES;
				GENERATE_INFOPLIST_FILE = YES;
				"INFOPLIST_KEY_UIApplicationSceneManifest_Generation[sdk=iphoneos*]" = YES;
				"INFOPLIST_KEY_UIApplicationSceneManifest_Generation[sdk=iphonesimulator*]" = YES;
				"INFOPLIST_KEY_UIApplicationSupportsIndirectInputEvents[sdk=iphoneos*]" = YES;
				"INFOPLIST_KEY_UIApplicationSupportsIndirectInputEvents[sdk=iphonesimulator*]" = YES;
				"INFOPLIST_KEY_UILaunchScreen_Generation[sdk=iphoneos*]" = YES;
				"INFOPLIST_KEY_UILaunchScreen_Generation[sdk=iphonesimulator*]" = YES;
				"INFOPLIST_KEY_UIStatusBarStyle[sdk=iphoneos*]" = UIStatusBarStyleDefault;
				"INFOPLIST_KEY_UIStatusBarStyle[sdk=iphonesimulator*]" = UIStatusBarStyleDefault;
				INFOPLIST_KEY_UISupportedInterfaceOrientations_iPad = "UIInterfaceOrientationPortrait UIInterfaceOrientationPortraitUpsideDown UIInterfaceOrientationLandscapeLeft UIInterfaceOrientationLandscapeRight";
				INFOPLIST_KEY_UISupportedInterfaceOrientations_iPhone = "UIInterfaceOrientationPortrait UIInterfaceOrientationLandscapeLeft UIInterfaceOrientationLandscapeRight";
				IPHONEOS_DEPLOYMENT_TARGET = 18.1;
				LD_RUNPATH_SEARCH_PATHS = "@executable_path/Frameworks";
				"LD_RUNPATH_SEARCH_PATHS[sdk=macosx*]" = "@executable_path/../Frameworks";
				MACOSX_DEPLOYMENT_TARGET = 15.1;
				MARKETING_VERSION = 1.0;
				PRODUCT_BUNDLE_IDENTIFIER = com.noahkamara.Docsy;
				PRODUCT_NAME = "$(TARGET_NAME)";
				SDKROOT = auto;
				SUPPORTED_PLATFORMS = "iphoneos iphonesimulator macosx xros xrsimulator";
				SWIFT_EMIT_LOC_STRINGS = YES;
				SWIFT_VERSION = 5.0;
				TARGETED_DEVICE_FAMILY = "1,2,7";
				XROS_DEPLOYMENT_TARGET = 2.1;
			};
			name = Release;
		};
		FDED1D3E2CED3D85002F878D /* Debug */ = {
			isa = XCBuildConfiguration;
			buildSettings = {
				BUNDLE_LOADER = "$(TEST_HOST)";
				CODE_SIGN_STYLE = Automatic;
				CURRENT_PROJECT_VERSION = 1;
				DEVELOPMENT_TEAM = ME2UKFKL5H;
				GENERATE_INFOPLIST_FILE = YES;
				IPHONEOS_DEPLOYMENT_TARGET = 18.1;
				MACOSX_DEPLOYMENT_TARGET = 15.1;
				MARKETING_VERSION = 1.0;
				PRODUCT_BUNDLE_IDENTIFIER = com.noahkamara.DocsyTests;
				PRODUCT_NAME = "$(TARGET_NAME)";
				SDKROOT = auto;
				SUPPORTED_PLATFORMS = "iphoneos iphonesimulator macosx xros xrsimulator";
				SWIFT_EMIT_LOC_STRINGS = NO;
				SWIFT_VERSION = 5.0;
				TARGETED_DEVICE_FAMILY = "1,2,7";
				TEST_HOST = "$(BUILT_PRODUCTS_DIR)/Docsy.app/$(BUNDLE_EXECUTABLE_FOLDER_PATH)/Docsy";
				XROS_DEPLOYMENT_TARGET = 2.1;
			};
			name = Debug;
		};
		FDED1D3F2CED3D85002F878D /* Release */ = {
			isa = XCBuildConfiguration;
			buildSettings = {
				BUNDLE_LOADER = "$(TEST_HOST)";
				CODE_SIGN_STYLE = Automatic;
				CURRENT_PROJECT_VERSION = 1;
				DEVELOPMENT_TEAM = ME2UKFKL5H;
				GENERATE_INFOPLIST_FILE = YES;
				IPHONEOS_DEPLOYMENT_TARGET = 18.1;
				MACOSX_DEPLOYMENT_TARGET = 15.1;
				MARKETING_VERSION = 1.0;
				PRODUCT_BUNDLE_IDENTIFIER = com.noahkamara.DocsyTests;
				PRODUCT_NAME = "$(TARGET_NAME)";
				SDKROOT = auto;
				SUPPORTED_PLATFORMS = "iphoneos iphonesimulator macosx xros xrsimulator";
				SWIFT_EMIT_LOC_STRINGS = NO;
				SWIFT_VERSION = 5.0;
				TARGETED_DEVICE_FAMILY = "1,2,7";
				TEST_HOST = "$(BUILT_PRODUCTS_DIR)/Docsy.app/$(BUNDLE_EXECUTABLE_FOLDER_PATH)/Docsy";
				XROS_DEPLOYMENT_TARGET = 2.1;
			};
			name = Release;
		};
		FDED1D412CED3D85002F878D /* Debug */ = {
			isa = XCBuildConfiguration;
			buildSettings = {
				CODE_SIGN_STYLE = Automatic;
				CURRENT_PROJECT_VERSION = 1;
				DEVELOPMENT_TEAM = ME2UKFKL5H;
				GENERATE_INFOPLIST_FILE = YES;
				IPHONEOS_DEPLOYMENT_TARGET = 18.1;
				MACOSX_DEPLOYMENT_TARGET = 15.1;
				MARKETING_VERSION = 1.0;
				PRODUCT_BUNDLE_IDENTIFIER = com.noahkamara.DocsyUITests;
				PRODUCT_NAME = "$(TARGET_NAME)";
				SDKROOT = auto;
				SUPPORTED_PLATFORMS = "iphoneos iphonesimulator macosx xros xrsimulator";
				SWIFT_EMIT_LOC_STRINGS = NO;
				SWIFT_VERSION = 5.0;
				TARGETED_DEVICE_FAMILY = "1,2,7";
				TEST_TARGET_NAME = Docsy;
				XROS_DEPLOYMENT_TARGET = 2.1;
			};
			name = Debug;
		};
		FDED1D422CED3D85002F878D /* Release */ = {
			isa = XCBuildConfiguration;
			buildSettings = {
				CODE_SIGN_STYLE = Automatic;
				CURRENT_PROJECT_VERSION = 1;
				DEVELOPMENT_TEAM = ME2UKFKL5H;
				GENERATE_INFOPLIST_FILE = YES;
				IPHONEOS_DEPLOYMENT_TARGET = 18.1;
				MACOSX_DEPLOYMENT_TARGET = 15.1;
				MARKETING_VERSION = 1.0;
				PRODUCT_BUNDLE_IDENTIFIER = com.noahkamara.DocsyUITests;
				PRODUCT_NAME = "$(TARGET_NAME)";
				SDKROOT = auto;
				SUPPORTED_PLATFORMS = "iphoneos iphonesimulator macosx xros xrsimulator";
				SWIFT_EMIT_LOC_STRINGS = NO;
				SWIFT_VERSION = 5.0;
				TARGETED_DEVICE_FAMILY = "1,2,7";
				TEST_TARGET_NAME = Docsy;
				XROS_DEPLOYMENT_TARGET = 2.1;
			};
			name = Release;
		};
/* End XCBuildConfiguration section */

/* Begin XCConfigurationList section */
		FDED1D102CED3D83002F878D /* Build configuration list for PBXProject "Docsy" */ = {
			isa = XCConfigurationList;
			buildConfigurations = (
				FDED1D382CED3D85002F878D /* Debug */,
				FDED1D392CED3D85002F878D /* Release */,
			);
			defaultConfigurationIsVisible = 0;
			defaultConfigurationName = Release;
		};
		FDED1D3A2CED3D85002F878D /* Build configuration list for PBXNativeTarget "Docsy" */ = {
			isa = XCConfigurationList;
			buildConfigurations = (
				FDED1D3B2CED3D85002F878D /* Debug */,
				FDED1D3C2CED3D85002F878D /* Release */,
			);
			defaultConfigurationIsVisible = 0;
			defaultConfigurationName = Release;
		};
		FDED1D3D2CED3D85002F878D /* Build configuration list for PBXNativeTarget "DocsyTests" */ = {
			isa = XCConfigurationList;
			buildConfigurations = (
				FDED1D3E2CED3D85002F878D /* Debug */,
				FDED1D3F2CED3D85002F878D /* Release */,
			);
			defaultConfigurationIsVisible = 0;
			defaultConfigurationName = Release;
		};
		FDED1D402CED3D85002F878D /* Build configuration list for PBXNativeTarget "DocsyUITests" */ = {
			isa = XCConfigurationList;
			buildConfigurations = (
				FDED1D412CED3D85002F878D /* Debug */,
				FDED1D422CED3D85002F878D /* Release */,
			);
			defaultConfigurationIsVisible = 0;
			defaultConfigurationName = Release;
		};
/* End XCConfigurationList section */

/* Begin XCSwiftPackageProductDependency section */
		FD1EDAE72CEFCEE5000AB465 /* BundleAppSourceProvider */ = {
			isa = XCSwiftPackageProductDependency;
			productName = BundleAppSourceProvider;
		};
		FD1EDAE92CEFCEE5000AB465 /* DocCViewer */ = {
			isa = XCSwiftPackageProductDependency;
			productName = DocCViewer;
		};
		FD1EDAEB2CEFCEE5000AB465 /* DocumentationKit */ = {
			isa = XCSwiftPackageProductDependency;
			productName = DocumentationKit;
		};
/* End XCSwiftPackageProductDependency section */
	};
	rootObject = FDED1D0D2CED3D83002F878D /* Project object */;
}
